// !$*UTF8*$!
{
	archiveVersion = 1;
	classes = {
	};
	objectVersion = 55;
	objects = {

/* Begin PBXBuildFile section */
		43745E3C294624D200B501D8 /* AppDelegate.m in Sources */ = {isa = PBXBuildFile; fileRef = 43745E3B294624D200B501D8 /* AppDelegate.m */; };
		43745E3F294624D200B501D8 /* SceneDelegate.m in Sources */ = {isa = PBXBuildFile; fileRef = 43745E3E294624D200B501D8 /* SceneDelegate.m */; };
		43745E42294624D200B501D8 /* ViewController.m in Sources */ = {isa = PBXBuildFile; fileRef = 43745E41294624D200B501D8 /* ViewController.m */; };
		43745E45294624D200B501D8 /* Main.storyboard in Resources */ = {isa = PBXBuildFile; fileRef = 43745E43294624D200B501D8 /* Main.storyboard */; };
		43745E47294624D300B501D8 /* Assets.xcassets in Resources */ = {isa = PBXBuildFile; fileRef = 43745E46294624D300B501D8 /* Assets.xcassets */; };
		43745E4A294624D300B501D8 /* LaunchScreen.storyboard in Resources */ = {isa = PBXBuildFile; fileRef = 43745E48294624D300B501D8 /* LaunchScreen.storyboard */; };
		43745E4D294624D300B501D8 /* main.m in Sources */ = {isa = PBXBuildFile; fileRef = 43745E4C294624D300B501D8 /* main.m */; };
		43745E55294624D900B501D8 /* ViewController.m in Sources */ = {isa = PBXBuildFile; fileRef = 43745E41294624D200B501D8 /* ViewController.m */; };
		43745E56294624D900B501D8 /* AppDelegate.m in Sources */ = {isa = PBXBuildFile; fileRef = 43745E3B294624D200B501D8 /* AppDelegate.m */; };
		43745E57294624D900B501D8 /* main.m in Sources */ = {isa = PBXBuildFile; fileRef = 43745E4C294624D300B501D8 /* main.m */; };
		43745E58294624D900B501D8 /* SceneDelegate.m in Sources */ = {isa = PBXBuildFile; fileRef = 43745E3E294624D200B501D8 /* SceneDelegate.m */; };
		43745E5B294624D900B501D8 /* LaunchScreen.storyboard in Resources */ = {isa = PBXBuildFile; fileRef = 43745E48294624D300B501D8 /* LaunchScreen.storyboard */; };
		43745E5C294624D900B501D8 /* Assets.xcassets in Resources */ = {isa = PBXBuildFile; fileRef = 43745E46294624D300B501D8 /* Assets.xcassets */; };
		43745E5D294624D900B501D8 /* Main.storyboard in Resources */ = {isa = PBXBuildFile; fileRef = 43745E43294624D200B501D8 /* Main.storyboard */; };
		43745E6C294F248A00B501D8 /* Config-01-多环境配置.release.xcconfig in Resources */ = {isa = PBXBuildFile; fileRef = 43745E6B294F248A00B501D8 /* Config-01-多环境配置.release.xcconfig */; };
/* End PBXBuildFile section */

/* Begin PBXFileReference section */
		43745E37294624D200B501D8 /* 01-多环境配置.app */ = {isa = PBXFileReference; explicitFileType = wrapper.application; includeInIndex = 0; path = "01-多环境配置.app"; sourceTree = BUILT_PRODUCTS_DIR; };
		43745E3A294624D200B501D8 /* AppDelegate.h */ = {isa = PBXFileReference; lastKnownFileType = sourcecode.c.h; path = AppDelegate.h; sourceTree = "<group>"; };
		43745E3B294624D200B501D8 /* AppDelegate.m */ = {isa = PBXFileReference; lastKnownFileType = sourcecode.c.objc; path = AppDelegate.m; sourceTree = "<group>"; };
		43745E3D294624D200B501D8 /* SceneDelegate.h */ = {isa = PBXFileReference; lastKnownFileType = sourcecode.c.h; path = SceneDelegate.h; sourceTree = "<group>"; };
		43745E3E294624D200B501D8 /* SceneDelegate.m */ = {isa = PBXFileReference; lastKnownFileType = sourcecode.c.objc; path = SceneDelegate.m; sourceTree = "<group>"; };
		43745E40294624D200B501D8 /* ViewController.h */ = {isa = PBXFileReference; lastKnownFileType = sourcecode.c.h; path = ViewController.h; sourceTree = "<group>"; };
		43745E41294624D200B501D8 /* ViewController.m */ = {isa = PBXFileReference; lastKnownFileType = sourcecode.c.objc; path = ViewController.m; sourceTree = "<group>"; };
		43745E44294624D200B501D8 /* Base */ = {isa = PBXFileReference; lastKnownFileType = file.storyboard; name = Base; path = Base.lproj/Main.storyboard; sourceTree = "<group>"; };
		43745E46294624D300B501D8 /* Assets.xcassets */ = {isa = PBXFileReference; lastKnownFileType = folder.assetcatalog; path = Assets.xcassets; sourceTree = "<group>"; };
		43745E49294624D300B501D8 /* Base */ = {isa = PBXFileReference; lastKnownFileType = file.storyboard; name = Base; path = Base.lproj/LaunchScreen.storyboard; sourceTree = "<group>"; };
		43745E4B294624D300B501D8 /* Info.plist */ = {isa = PBXFileReference; lastKnownFileType = text.plist.xml; path = Info.plist; sourceTree = "<group>"; };
		43745E4C294624D300B501D8 /* main.m */ = {isa = PBXFileReference; lastKnownFileType = sourcecode.c.objc; path = main.m; sourceTree = "<group>"; };
		43745E61294624D900B501D8 /* 01-多环境配置-dev.app */ = {isa = PBXFileReference; explicitFileType = wrapper.application; includeInIndex = 0; path = "01-多环境配置-dev.app"; sourceTree = BUILT_PRODUCTS_DIR; };
		43745E62294624D900B501D8 /* 01-多环境配置-dev-Info.plist */ = {isa = PBXFileReference; lastKnownFileType = text.plist.xml; name = "01-多环境配置-dev-Info.plist"; path = "/Users/zhangwenyi/Desktop/Swift/Swift高级部分/iOS_advance/01-多环境配置/01-多环境配置-dev-Info.plist"; sourceTree = "<absolute>"; };
		43745E6A294F234400B501D8 /* Config-01-多环境配置.debug.xcconfig */ = {isa = PBXFileReference; lastKnownFileType = text.xcconfig; path = "Config-01-多环境配置.debug.xcconfig"; sourceTree = "<group>"; };
		43745E6B294F248A00B501D8 /* Config-01-多环境配置.release.xcconfig */ = {isa = PBXFileReference; lastKnownFileType = text.xcconfig; path = "Config-01-多环境配置.release.xcconfig"; sourceTree = "<group>"; };
/* End PBXFileReference section */

/* Begin PBXFrameworksBuildPhase section */
		43745E34294624D200B501D8 /* Frameworks */ = {
			isa = PBXFrameworksBuildPhase;
			buildActionMask = 2147483647;
			files = (
			);
			runOnlyForDeploymentPostprocessing = 0;
		};
		43745E59294624D900B501D8 /* Frameworks */ = {
			isa = PBXFrameworksBuildPhase;
			buildActionMask = 2147483647;
			files = (
			);
			runOnlyForDeploymentPostprocessing = 0;
		};
/* End PBXFrameworksBuildPhase section */

/* Begin PBXGroup section */
		43745E2E294624D100B501D8 = {
			isa = PBXGroup;
			children = (
				43745E39294624D200B501D8 /* 01-多环境配置 */,
				43745E38294624D200B501D8 /* Products */,
				43745E62294624D900B501D8 /* 01-多环境配置-dev-Info.plist */,
			);
			sourceTree = "<group>";
		};
		43745E38294624D200B501D8 /* Products */ = {
			isa = PBXGroup;
			children = (
				43745E37294624D200B501D8 /* 01-多环境配置.app */,
				43745E61294624D900B501D8 /* 01-多环境配置-dev.app */,
			);
			name = Products;
			sourceTree = "<group>";
		};
		43745E39294624D200B501D8 /* 01-多环境配置 */ = {
			isa = PBXGroup;
			children = (
				43745E66294F1FE700B501D8 /* config */,
				43745E3A294624D200B501D8 /* AppDelegate.h */,
				43745E3B294624D200B501D8 /* AppDelegate.m */,
				43745E3D294624D200B501D8 /* SceneDelegate.h */,
				43745E3E294624D200B501D8 /* SceneDelegate.m */,
				43745E40294624D200B501D8 /* ViewController.h */,
				43745E41294624D200B501D8 /* ViewController.m */,
				43745E43294624D200B501D8 /* Main.storyboard */,
				43745E46294624D300B501D8 /* Assets.xcassets */,
				43745E48294624D300B501D8 /* LaunchScreen.storyboard */,
				43745E4B294624D300B501D8 /* Info.plist */,
				43745E4C294624D300B501D8 /* main.m */,
			);
			path = "01-多环境配置";
			sourceTree = "<group>";
		};
		43745E66294F1FE700B501D8 /* config */ = {
			isa = PBXGroup;
			children = (
				43745E6A294F234400B501D8 /* Config-01-多环境配置.debug.xcconfig */,
				43745E6B294F248A00B501D8 /* Config-01-多环境配置.release.xcconfig */,
			);
			path = config;
			sourceTree = "<group>";
		};
/* End PBXGroup section */

/* Begin PBXNativeTarget section */
		43745E36294624D200B501D8 /* 01-多环境配置 */ = {
			isa = PBXNativeTarget;
			buildConfigurationList = 43745E50294624D300B501D8 /* Build configuration list for PBXNativeTarget "01-多环境配置" */;
			buildPhases = (
				43745E33294624D200B501D8 /* Sources */,
				43745E34294624D200B501D8 /* Frameworks */,
				43745E35294624D200B501D8 /* Resources */,
			);
			buildRules = (
			);
			dependencies = (
			);
			name = "01-多环境配置";
			productName = "01-多环境配置";
			productReference = 43745E37294624D200B501D8 /* 01-多环境配置.app */;
			productType = "com.apple.product-type.application";
		};
		43745E53294624D900B501D8 /* 01-多环境配置-dev */ = {
			isa = PBXNativeTarget;
			buildConfigurationList = 43745E5E294624D900B501D8 /* Build configuration list for PBXNativeTarget "01-多环境配置-dev" */;
			buildPhases = (
				43745E54294624D900B501D8 /* Sources */,
				43745E59294624D900B501D8 /* Frameworks */,
				43745E5A294624D900B501D8 /* Resources */,
			);
			buildRules = (
			);
			dependencies = (
			);
			name = "01-多环境配置-dev";
			productName = "01-多环境配置";
			productReference = 43745E61294624D900B501D8 /* 01-多环境配置-dev.app */;
			productType = "com.apple.product-type.application";
		};
/* End PBXNativeTarget section */

/* Begin PBXProject section */
		43745E2F294624D100B501D8 /* Project object */ = {
			isa = PBXProject;
			attributes = {
				BuildIndependentTargetsInParallel = 1;
				LastUpgradeCheck = 1320;
				TargetAttributes = {
					43745E36294624D200B501D8 = {
						CreatedOnToolsVersion = 13.2.1;
					};
				};
			};
			buildConfigurationList = 43745E32294624D100B501D8 /* Build configuration list for PBXProject "01-多环境配置" */;
			compatibilityVersion = "Xcode 13.0";
			developmentRegion = en;
			hasScannedForEncodings = 0;
			knownRegions = (
				en,
				Base,
			);
			mainGroup = 43745E2E294624D100B501D8;
			productRefGroup = 43745E38294624D200B501D8 /* Products */;
			projectDirPath = "";
			projectRoot = "";
			targets = (
				43745E36294624D200B501D8 /* 01-多环境配置 */,
				43745E53294624D900B501D8 /* 01-多环境配置-dev */,
			);
		};
/* End PBXProject section */

/* Begin PBXResourcesBuildPhase section */
		43745E35294624D200B501D8 /* Resources */ = {
			isa = PBXResourcesBuildPhase;
			buildActionMask = 2147483647;
			files = (
				43745E6C294F248A00B501D8 /* Config-01-多环境配置.release.xcconfig in Resources */,
				43745E4A294624D300B501D8 /* LaunchScreen.storyboard in Resources */,
				43745E47294624D300B501D8 /* Assets.xcassets in Resources */,
				43745E45294624D200B501D8 /* Main.storyboard in Resources */,
			);
			runOnlyForDeploymentPostprocessing = 0;
		};
		43745E5A294624D900B501D8 /* Resources */ = {
			isa = PBXResourcesBuildPhase;
			buildActionMask = 2147483647;
			files = (
				43745E5B294624D900B501D8 /* LaunchScreen.storyboard in Resources */,
				43745E5C294624D900B501D8 /* Assets.xcassets in Resources */,
				43745E5D294624D900B501D8 /* Main.storyboard in Resources */,
			);
			runOnlyForDeploymentPostprocessing = 0;
		};
/* End PBXResourcesBuildPhase section */

/* Begin PBXSourcesBuildPhase section */
		43745E33294624D200B501D8 /* Sources */ = {
			isa = PBXSourcesBuildPhase;
			buildActionMask = 2147483647;
			files = (
				43745E42294624D200B501D8 /* ViewController.m in Sources */,
				43745E3C294624D200B501D8 /* AppDelegate.m in Sources */,
				43745E4D294624D300B501D8 /* main.m in Sources */,
				43745E3F294624D200B501D8 /* SceneDelegate.m in Sources */,
			);
			runOnlyForDeploymentPostprocessing = 0;
		};
		43745E54294624D900B501D8 /* Sources */ = {
			isa = PBXSourcesBuildPhase;
			buildActionMask = 2147483647;
			files = (
				43745E55294624D900B501D8 /* ViewController.m in Sources */,
				43745E56294624D900B501D8 /* AppDelegate.m in Sources */,
				43745E57294624D900B501D8 /* main.m in Sources */,
				43745E58294624D900B501D8 /* SceneDelegate.m in Sources */,
			);
			runOnlyForDeploymentPostprocessing = 0;
		};
/* End PBXSourcesBuildPhase section */

/* Begin PBXVariantGroup section */
		43745E43294624D200B501D8 /* Main.storyboard */ = {
			isa = PBXVariantGroup;
			children = (
				43745E44294624D200B501D8 /* Base */,
			);
			name = Main.storyboard;
			sourceTree = "<group>";
		};
		43745E48294624D300B501D8 /* LaunchScreen.storyboard */ = {
			isa = PBXVariantGroup;
			children = (
				43745E49294624D300B501D8 /* Base */,
			);
			name = LaunchScreen.storyboard;
			sourceTree = "<group>";
		};
/* End PBXVariantGroup section */

/* Begin XCBuildConfiguration section */
		43745E4E294624D300B501D8 /* Debug */ = {
			isa = XCBuildConfiguration;
			buildSettings = {
				ALWAYS_SEARCH_USER_PATHS = NO;
				CLANG_ANALYZER_NONNULL = YES;
				CLANG_ANALYZER_NUMBER_OBJECT_CONVERSION = YES_AGGRESSIVE;
				CLANG_CXX_LANGUAGE_STANDARD = "gnu++17";
				CLANG_CXX_LIBRARY = "libc++";
				CLANG_ENABLE_MODULES = YES;
				CLANG_ENABLE_OBJC_ARC = YES;
				CLANG_ENABLE_OBJC_WEAK = YES;
				CLANG_WARN_BLOCK_CAPTURE_AUTORELEASING = YES;
				CLANG_WARN_BOOL_CONVERSION = YES;
				CLANG_WARN_COMMA = YES;
				CLANG_WARN_CONSTANT_CONVERSION = YES;
				CLANG_WARN_DEPRECATED_OBJC_IMPLEMENTATIONS = YES;
				CLANG_WARN_DIRECT_OBJC_ISA_USAGE = YES_ERROR;
				CLANG_WARN_DOCUMENTATION_COMMENTS = YES;
				CLANG_WARN_EMPTY_BODY = YES;
				CLANG_WARN_ENUM_CONVERSION = YES;
				CLANG_WARN_INFINITE_RECURSION = YES;
				CLANG_WARN_INT_CONVERSION = YES;
				CLANG_WARN_NON_LITERAL_NULL_CONVERSION = YES;
				CLANG_WARN_OBJC_IMPLICIT_RETAIN_SELF = YES;
				CLANG_WARN_OBJC_LITERAL_CONVERSION = YES;
				CLANG_WARN_OBJC_ROOT_CLASS = YES_ERROR;
				CLANG_WARN_QUOTED_INCLUDE_IN_FRAMEWORK_HEADER = YES;
				CLANG_WARN_RANGE_LOOP_ANALYSIS = YES;
				CLANG_WARN_STRICT_PROTOTYPES = YES;
				CLANG_WARN_SUSPICIOUS_MOVE = YES;
				CLANG_WARN_UNGUARDED_AVAILABILITY = YES_AGGRESSIVE;
				CLANG_WARN_UNREACHABLE_CODE = YES;
				CLANG_WARN__DUPLICATE_METHOD_MATCH = YES;
				COPY_PHASE_STRIP = NO;
				DEBUG_INFORMATION_FORMAT = dwarf;
				ENABLE_STRICT_OBJC_MSGSEND = YES;
				ENABLE_TESTABILITY = YES;
				GCC_C_LANGUAGE_STANDARD = gnu11;
				GCC_DYNAMIC_NO_PIC = NO;
				GCC_NO_COMMON_BLOCKS = YES;
				GCC_OPTIMIZATION_LEVEL = 0;
				GCC_PREPROCESSOR_DEFINITIONS = (
					"DEBUG=1",
					"$(inherited)",
				);
				GCC_WARN_64_TO_32_BIT_CONVERSION = YES;
				GCC_WARN_ABOUT_RETURN_TYPE = YES_ERROR;
				GCC_WARN_UNDECLARED_SELECTOR = YES;
				GCC_WARN_UNINITIALIZED_AUTOS = YES_AGGRESSIVE;
				GCC_WARN_UNUSED_FUNCTION = YES;
				GCC_WARN_UNUSED_VARIABLE = YES;
				IPHONEOS_DEPLOYMENT_TARGET = 15.2;
				MTL_ENABLE_DEBUG_INFO = INCLUDE_SOURCE;
				MTL_FAST_MATH = YES;
				ONLY_ACTIVE_ARCH = YES;
				SDKROOT = iphoneos;
			};
			name = Debug;
		};
		43745E4F294624D300B501D8 /* Release */ = {
			isa = XCBuildConfiguration;
			buildSettings = {
				ALWAYS_SEARCH_USER_PATHS = NO;
				CLANG_ANALYZER_NONNULL = YES;
				CLANG_ANALYZER_NUMBER_OBJECT_CONVERSION = YES_AGGRESSIVE;
				CLANG_CXX_LANGUAGE_STANDARD = "gnu++17";
				CLANG_CXX_LIBRARY = "libc++";
				CLANG_ENABLE_MODULES = YES;
				CLANG_ENABLE_OBJC_ARC = YES;
				CLANG_ENABLE_OBJC_WEAK = YES;
				CLANG_WARN_BLOCK_CAPTURE_AUTORELEASING = YES;
				CLANG_WARN_BOOL_CONVERSION = YES;
				CLANG_WARN_COMMA = YES;
				CLANG_WARN_CONSTANT_CONVERSION = YES;
				CLANG_WARN_DEPRECATED_OBJC_IMPLEMENTATIONS = YES;
				CLANG_WARN_DIRECT_OBJC_ISA_USAGE = YES_ERROR;
				CLANG_WARN_DOCUMENTATION_COMMENTS = YES;
				CLANG_WARN_EMPTY_BODY = YES;
				CLANG_WARN_ENUM_CONVERSION = YES;
				CLANG_WARN_INFINITE_RECURSION = YES;
				CLANG_WARN_INT_CONVERSION = YES;
				CLANG_WARN_NON_LITERAL_NULL_CONVERSION = YES;
				CLANG_WARN_OBJC_IMPLICIT_RETAIN_SELF = YES;
				CLANG_WARN_OBJC_LITERAL_CONVERSION = YES;
				CLANG_WARN_OBJC_ROOT_CLASS = YES_ERROR;
				CLANG_WARN_QUOTED_INCLUDE_IN_FRAMEWORK_HEADER = YES;
				CLANG_WARN_RANGE_LOOP_ANALYSIS = YES;
				CLANG_WARN_STRICT_PROTOTYPES = YES;
				CLANG_WARN_SUSPICIOUS_MOVE = YES;
				CLANG_WARN_UNGUARDED_AVAILABILITY = YES_AGGRESSIVE;
				CLANG_WARN_UNREACHABLE_CODE = YES;
				CLANG_WARN__DUPLICATE_METHOD_MATCH = YES;
				COPY_PHASE_STRIP = NO;
				DEBUG_INFORMATION_FORMAT = "dwarf-with-dsym";
				ENABLE_NS_ASSERTIONS = NO;
				ENABLE_STRICT_OBJC_MSGSEND = YES;
				GCC_C_LANGUAGE_STANDARD = gnu11;
				GCC_NO_COMMON_BLOCKS = YES;
				GCC_WARN_64_TO_32_BIT_CONVERSION = YES;
				GCC_WARN_ABOUT_RETURN_TYPE = YES_ERROR;
				GCC_WARN_UNDECLARED_SELECTOR = YES;
				GCC_WARN_UNINITIALIZED_AUTOS = YES_AGGRESSIVE;
				GCC_WARN_UNUSED_FUNCTION = YES;
				GCC_WARN_UNUSED_VARIABLE = YES;
				IPHONEOS_DEPLOYMENT_TARGET = 15.2;
				MTL_ENABLE_DEBUG_INFO = NO;
				MTL_FAST_MATH = YES;
				SDKROOT = iphoneos;
				VALIDATE_PRODUCT = YES;
			};
			name = Release;
		};
		43745E51294624D300B501D8 /* Debug */ = {
			isa = XCBuildConfiguration;
			baseConfigurationReference = 43745E6A294F234400B501D8 /* Config-01-多环境配置.debug.xcconfig */;
			buildSettings = {
				ASSETCATALOG_COMPILER_APPICON_NAME = AppIcon;
				ASSETCATALOG_COMPILER_GLOBAL_ACCENT_COLOR_NAME = AccentColor;
				CODE_SIGN_STYLE = Automatic;
				CURRENT_PROJECT_VERSION = 1;
				GENERATE_INFOPLIST_FILE = YES;
				INFOPLIST_FILE = "01-多环境配置/Info.plist";
				INFOPLIST_KEY_UIApplicationSupportsIndirectInputEvents = YES;
				INFOPLIST_KEY_UILaunchStoryboardName = LaunchScreen;
				INFOPLIST_KEY_UIMainStoryboardFile = Main;
				INFOPLIST_KEY_UISupportedInterfaceOrientations_iPad = "UIInterfaceOrientationPortrait UIInterfaceOrientationPortraitUpsideDown UIInterfaceOrientationLandscapeLeft UIInterfaceOrientationLandscapeRight";
				INFOPLIST_KEY_UISupportedInterfaceOrientations_iPhone = "UIInterfaceOrientationPortrait UIInterfaceOrientationLandscapeLeft UIInterfaceOrientationLandscapeRight";
				LD_RUNPATH_SEARCH_PATHS = (
					"$(inherited)",
					"@executable_path/Frameworks",
				);
				MARKETING_VERSION = 1.0;
				PRODUCT_BUNDLE_IDENTIFIER = "wenyi.-1------";
				PRODUCT_NAME = "$(TARGET_NAME)";
				SWIFT_EMIT_LOC_STRINGS = YES;
				TARGETED_DEVICE_FAMILY = "1,2";
			};
			name = Debug;
		};
		43745E52294624D300B501D8 /* Release */ = {
			isa = XCBuildConfiguration;
			baseConfigurationReference = 43745E6B294F248A00B501D8 /* Config-01-多环境配置.release.xcconfig */;
			buildSettings = {
				ASSETCATALOG_COMPILER_APPICON_NAME = AppIcon;
				ASSETCATALOG_COMPILER_GLOBAL_ACCENT_COLOR_NAME = AccentColor;
				CODE_SIGN_STYLE = Automatic;
				CURRENT_PROJECT_VERSION = 1;
				GENERATE_INFOPLIST_FILE = YES;
				INFOPLIST_FILE = "01-多环境配置/Info.plist";
				INFOPLIST_KEY_UIApplicationSupportsIndirectInputEvents = YES;
				INFOPLIST_KEY_UILaunchStoryboardName = LaunchScreen;
				INFOPLIST_KEY_UIMainStoryboardFile = Main;
				INFOPLIST_KEY_UISupportedInterfaceOrientations_iPad = "UIInterfaceOrientationPortrait UIInterfaceOrientationPortraitUpsideDown UIInterfaceOrientationLandscapeLeft UIInterfaceOrientationLandscapeRight";
				INFOPLIST_KEY_UISupportedInterfaceOrientations_iPhone = "UIInterfaceOrientationPortrait UIInterfaceOrientationLandscapeLeft UIInterfaceOrientationLandscapeRight";
				LD_RUNPATH_SEARCH_PATHS = (
					"$(inherited)",
					"@executable_path/Frameworks",
				);
				MARKETING_VERSION = 1.0;
				PRODUCT_BUNDLE_IDENTIFIER = "wenyi.-1------";
				PRODUCT_NAME = "$(TARGET_NAME)";
				SWIFT_EMIT_LOC_STRINGS = YES;
				TARGETED_DEVICE_FAMILY = "1,2";
			};
			name = Release;
		};
		43745E5F294624D900B501D8 /* Debug */ = {
			isa = XCBuildConfiguration;
			buildSettings = {
				ASSETCATALOG_COMPILER_APPICON_NAME = AppIcon;
				ASSETCATALOG_COMPILER_GLOBAL_ACCENT_COLOR_NAME = AccentColor;
				CODE_SIGN_STYLE = Automatic;
				CURRENT_PROJECT_VERSION = 1;
				GENERATE_INFOPLIST_FILE = YES;
				INFOPLIST_FILE = "01-多环境配置 copy-Info.plist";
				INFOPLIST_KEY_UIApplicationSupportsIndirectInputEvents = YES;
				INFOPLIST_KEY_UILaunchStoryboardName = LaunchScreen;
				INFOPLIST_KEY_UIMainStoryboardFile = Main;
				INFOPLIST_KEY_UISupportedInterfaceOrientations_iPad = "UIInterfaceOrientationPortrait UIInterfaceOrientationPortraitUpsideDown UIInterfaceOrientationLandscapeLeft UIInterfaceOrientationLandscapeRight";
				INFOPLIST_KEY_UISupportedInterfaceOrientations_iPhone = "UIInterfaceOrientationPortrait UIInterfaceOrientationLandscapeLeft UIInterfaceOrientationLandscapeRight";
				LD_RUNPATH_SEARCH_PATHS = (
					"$(inherited)",
					"@executable_path/Frameworks",
				);
				MARKETING_VERSION = 1.0;
				PRODUCT_BUNDLE_IDENTIFIER = "wenyi.-1------";
				PRODUCT_NAME = "$(TARGET_NAME)";
				SWIFT_EMIT_LOC_STRINGS = YES;
				TARGETED_DEVICE_FAMILY = "1,2";
			};
			name = Debug;
		};
		43745E60294624D900B501D8 /* Release */ = {
			isa = XCBuildConfiguration;
			buildSettings = {
				ASSETCATALOG_COMPILER_APPICON_NAME = AppIcon;
				ASSETCATALOG_COMPILER_GLOBAL_ACCENT_COLOR_NAME = AccentColor;
				CODE_SIGN_STYLE = Automatic;
				CURRENT_PROJECT_VERSION = 1;
				GENERATE_INFOPLIST_FILE = YES;
				INFOPLIST_FILE = "01-多环境配置 copy-Info.plist";
				INFOPLIST_KEY_UIApplicationSupportsIndirectInputEvents = YES;
				INFOPLIST_KEY_UILaunchStoryboardName = LaunchScreen;
				INFOPLIST_KEY_UIMainStoryboardFile = Main;
				INFOPLIST_KEY_UISupportedInterfaceOrientations_iPad = "UIInterfaceOrientationPortrait UIInterfaceOrientationPortraitUpsideDown UIInterfaceOrientationLandscapeLeft UIInterfaceOrientationLandscapeRight";
				INFOPLIST_KEY_UISupportedInterfaceOrientations_iPhone = "UIInterfaceOrientationPortrait UIInterfaceOrientationLandscapeLeft UIInterfaceOrientationLandscapeRight";
				LD_RUNPATH_SEARCH_PATHS = (
					"$(inherited)",
					"@executable_path/Frameworks",
				);
				MARKETING_VERSION = 1.0;
				PRODUCT_BUNDLE_IDENTIFIER = "wenyi.-1------";
				PRODUCT_NAME = "$(TARGET_NAME)";
				SWIFT_EMIT_LOC_STRINGS = YES;
				TARGETED_DEVICE_FAMILY = "1,2";
			};
			name = Release;
		};
		43745E632946262F00B501D8 /* Beta */ = {
			isa = XCBuildConfiguration;
			buildSettings = {
				ALWAYS_SEARCH_USER_PATHS = NO;
				CLANG_ANALYZER_NONNULL = YES;
				CLANG_ANALYZER_NUMBER_OBJECT_CONVERSION = YES_AGGRESSIVE;
				CLANG_CXX_LANGUAGE_STANDARD = "gnu++17";
				CLANG_CXX_LIBRARY = "libc++";
				CLANG_ENABLE_MODULES = YES;
				CLANG_ENABLE_OBJC_ARC = YES;
				CLANG_ENABLE_OBJC_WEAK = YES;
				CLANG_WARN_BLOCK_CAPTURE_AUTORELEASING = YES;
				CLANG_WARN_BOOL_CONVERSION = YES;
				CLANG_WARN_COMMA = YES;
				CLANG_WARN_CONSTANT_CONVERSION = YES;
				CLANG_WARN_DEPRECATED_OBJC_IMPLEMENTATIONS = YES;
				CLANG_WARN_DIRECT_OBJC_ISA_USAGE = YES_ERROR;
				CLANG_WARN_DOCUMENTATION_COMMENTS = YES;
				CLANG_WARN_EMPTY_BODY = YES;
				CLANG_WARN_ENUM_CONVERSION = YES;
				CLANG_WARN_INFINITE_RECURSION = YES;
				CLANG_WARN_INT_CONVERSION = YES;
				CLANG_WARN_NON_LITERAL_NULL_CONVERSION = YES;
				CLANG_WARN_OBJC_IMPLICIT_RETAIN_SELF = YES;
				CLANG_WARN_OBJC_LITERAL_CONVERSION = YES;
				CLANG_WARN_OBJC_ROOT_CLASS = YES_ERROR;
				CLANG_WARN_QUOTED_INCLUDE_IN_FRAMEWORK_HEADER = YES;
				CLANG_WARN_RANGE_LOOP_ANALYSIS = YES;
				CLANG_WARN_STRICT_PROTOTYPES = YES;
				CLANG_WARN_SUSPICIOUS_MOVE = YES;
				CLANG_WARN_UNGUARDED_AVAILABILITY = YES_AGGRESSIVE;
				CLANG_WARN_UNREACHABLE_CODE = YES;
				CLANG_WARN__DUPLICATE_METHOD_MATCH = YES;
				COPY_PHASE_STRIP = NO;
				DEBUG_INFORMATION_FORMAT = dwarf;
				ENABLE_STRICT_OBJC_MSGSEND = YES;
				ENABLE_TESTABILITY = YES;
				GCC_C_LANGUAGE_STANDARD = gnu11;
				GCC_DYNAMIC_NO_PIC = NO;
				GCC_NO_COMMON_BLOCKS = YES;
				GCC_OPTIMIZATION_LEVEL = 0;
				GCC_PREPROCESSOR_DEFINITIONS = (
					"DEBUG=1",
					"$(inherited)",
				);
				GCC_WARN_64_TO_32_BIT_CONVERSION = YES;
				GCC_WARN_ABOUT_RETURN_TYPE = YES_ERROR;
				GCC_WARN_UNDECLARED_SELECTOR = YES;
				GCC_WARN_UNINITIALIZED_AUTOS = YES_AGGRESSIVE;
				GCC_WARN_UNUSED_FUNCTION = YES;
				GCC_WARN_UNUSED_VARIABLE = YES;
				IPHONEOS_DEPLOYMENT_TARGET = 15.2;
				MTL_ENABLE_DEBUG_INFO = INCLUDE_SOURCE;
				MTL_FAST_MATH = YES;
				ONLY_ACTIVE_ARCH = YES;
				SDKROOT = iphoneos;
			};
			name = Beta;
		};
		43745E642946262F00B501D8 /* Beta */ = {
			isa = XCBuildConfiguration;
			buildSettings = {
				ASSETCATALOG_COMPILER_APPICON_NAME = AppIcon;
				ASSETCATALOG_COMPILER_GLOBAL_ACCENT_COLOR_NAME = AccentColor;
				CODE_SIGN_STYLE = Automatic;
				CURRENT_PROJECT_VERSION = 1;
				GENERATE_INFOPLIST_FILE = YES;
				INFOPLIST_FILE = "01-多环境配置/Info.plist";
				INFOPLIST_KEY_UIApplicationSupportsIndirectInputEvents = YES;
				INFOPLIST_KEY_UILaunchStoryboardName = LaunchScreen;
				INFOPLIST_KEY_UIMainStoryboardFile = Main;
				INFOPLIST_KEY_UISupportedInterfaceOrientations_iPad = "UIInterfaceOrientationPortrait UIInterfaceOrientationPortraitUpsideDown UIInterfaceOrientationLandscapeLeft UIInterfaceOrientationLandscapeRight";
				INFOPLIST_KEY_UISupportedInterfaceOrientations_iPhone = "UIInterfaceOrientationPortrait UIInterfaceOrientationLandscapeLeft UIInterfaceOrientationLandscapeRight";
				LD_RUNPATH_SEARCH_PATHS = (
					"$(inherited)",
					"@executable_path/Frameworks",
				);
				MARKETING_VERSION = 1.0;
				PRODUCT_BUNDLE_IDENTIFIER = "wenyi.-1------";
				PRODUCT_NAME = "$(TARGET_NAME)";
				SWIFT_EMIT_LOC_STRINGS = YES;
				TARGETED_DEVICE_FAMILY = "1,2";
			};
			name = Beta;
		};
		43745E652946262F00B501D8 /* Beta */ = {
			isa = XCBuildConfiguration;
			buildSettings = {
				ASSETCATALOG_COMPILER_APPICON_NAME = AppIcon;
				ASSETCATALOG_COMPILER_GLOBAL_ACCENT_COLOR_NAME = AccentColor;
				CODE_SIGN_STYLE = Automatic;
				CURRENT_PROJECT_VERSION = 1;
				GENERATE_INFOPLIST_FILE = YES;
				INFOPLIST_FILE = "01-多环境配置 copy-Info.plist";
				INFOPLIST_KEY_UIApplicationSupportsIndirectInputEvents = YES;
				INFOPLIST_KEY_UILaunchStoryboardName = LaunchScreen;
				INFOPLIST_KEY_UIMainStoryboardFile = Main;
				INFOPLIST_KEY_UISupportedInterfaceOrientations_iPad = "UIInterfaceOrientationPortrait UIInterfaceOrientationPortraitUpsideDown UIInterfaceOrientationLandscapeLeft UIInterfaceOrientationLandscapeRight";
				INFOPLIST_KEY_UISupportedInterfaceOrientations_iPhone = "UIInterfaceOrientationPortrait UIInterfaceOrientationLandscapeLeft UIInterfaceOrientationLandscapeRight";
				LD_RUNPATH_SEARCH_PATHS = (
					"$(inherited)",
					"@executable_path/Frameworks",
				);
				MARKETING_VERSION = 1.0;
				PRODUCT_BUNDLE_IDENTIFIER = "wenyi.-1------";
				PRODUCT_NAME = "$(TARGET_NAME)";
				SWIFT_EMIT_LOC_STRINGS = YES;
				TARGETED_DEVICE_FAMILY = "1,2";
			};
			name = Beta;
		};
/* End XCBuildConfiguration section */

/* Begin XCConfigurationList section */
		43745E32294624D100B501D8 /* Build configuration list for PBXProject "01-多环境配置" */ = {
			isa = XCConfigurationList;
			buildConfigurations = (
				43745E4E294624D300B501D8 /* Debug */,
				43745E632946262F00B501D8 /* Beta */,
				43745E4F294624D300B501D8 /* Release */,
			);
			defaultConfigurationIsVisible = 0;
			defaultConfigurationName = Release;
		};
		43745E50294624D300B501D8 /* Build configuration list for PBXNativeTarget "01-多环境配置" */ = {
			isa = XCConfigurationList;
			buildConfigurations = (
				43745E51294624D300B501D8 /* Debug */,
				43745E642946262F00B501D8 /* Beta */,
				43745E52294624D300B501D8 /* Release */,
			);
			defaultConfigurationIsVisible = 0;
			defaultConfigurationName = Release;
		};
		43745E5E294624D900B501D8 /* Build configuration list for PBXNativeTarget "01-多环境配置-dev" */ = {
			isa = XCConfigurationList;
			buildConfigurations = (
				43745E5F294624D900B501D8 /* Debug */,
				43745E652946262F00B501D8 /* Beta */,
				43745E60294624D900B501D8 /* Release */,
			);
			defaultConfigurationIsVisible = 0;
			defaultConfigurationName = Release;
		};
/* End XCConfigurationList section */
	};
	rootObject = 43745E2F294624D100B501D8 /* Project object */;
}
